{
  "name": "03.search-in-list",
  "version": "1.0.0",
  "lockfileVersion": 3,
  "requires": true,
  "packages": {
    "": {
      "name": "03.search-in-list",
      "version": "1.0.0",
      "license": "ISC",
      "dependencies": {
        "lite-html": "^0.2.4"
      }
    },
    "node_modules/lite-html": {
      "version": "0.2.4",
      "resolved": "https://registry.npmjs.org/lite-html/-/lite-html-0.2.4.tgz",
      "integrity": "sha512-g/Y8MYmdtweJ7UeY01/+vbBB2q1oI1i/m6h+BoHuhglt0d648QM1IjGqxZa8p2qBg0AWnO46140c+ZTpgf15ng=="
    }
  }
}
